{
  "name": "@dsbunny/http",
  "version": "1.0.0",
  "lockfileVersion": 3,
  "requires": true,
  "packages": {
    "": {
      "name": "@dsbunny/http",
      "version": "1.0.0",
      "license": "UNLICENSED",
      "dependencies": {
        "opossum": "^8.1.3"
      },
      "devDependencies": {
        "@types/node": "^20.11.30",
        "@types/opossum": "^8.1.6",
        "typescript": "^5.4.3"
      }
    },
    "node_modules/@types/node": {
      "version": "20.11.30",
      "resolved": "https://registry.npmjs.org/@types/node/-/node-20.11.30.tgz",
      "integrity": "sha512-dHM6ZxwlmuZaRmUPfv1p+KrdD1Dci04FbdEm/9wEMouFqxYoFl5aMkt0VMAUtYRQDyYvD41WJLukhq/ha3YuTw==",
      "dev": true,
      "dependencies": {
        "undici-types": "~5.26.4"
      }
    },
    "node_modules/@types/opossum": {
      "version": "8.1.6",
      "resolved": "https://registry.npmjs.org/@types/opossum/-/opossum-8.1.6.tgz",
      "integrity": "sha512-xBjGEtJ/cRfGA0lDNMv6U0AXys4F0VpgwJdngSqen/P06vvwPtKPgDBLHIWPu61Qi9fve7nIQ8VagZgPj5orpQ==",
      "dev": true,
      "dependencies": {
        "@types/node": "*"
      }
    },
    "node_modules/opossum": {
      "version": "8.1.3",
      "resolved": "https://registry.npmjs.org/opossum/-/opossum-8.1.3.tgz",
      "integrity": "sha512-6YPGEVdjO5F5q0Nj5cDpXGlobfj4jXdrPJbA19iIVXV/yshgqdH44eX25rmQcJp90vUg4uyO1IlZLom2HsIyyA==",
      "engines": {
        "node": "^21 || ^20 || ^18 || ^16"
      }
    },
    "node_modules/typescript": {
      "version": "5.4.3",
      "resolved": "https://registry.npmjs.org/typescript/-/typescript-5.4.3.tgz",
      "integrity": "sha512-KrPd3PKaCLr78MalgiwJnA25Nm8HAmdwN3mYUYZgG/wizIo9EainNVQI9/yDavtVFRN2h3k8uf3GLHuhDMgEHg==",
      "dev": true,
      "bin": {
        "tsc": "bin/tsc",
        "tsserver": "bin/tsserver"
      },
      "engines": {
        "node": ">=14.17"
      }
    },
    "node_modules/undici-types": {
      "version": "5.26.5",
      "resolved": "https://registry.npmjs.org/undici-types/-/undici-types-5.26.5.tgz",
      "integrity": "sha512-JlCMO+ehdEIKqlFxk6IfVoAUVmgz7cU7zD/h9XZ0qzeosSHmUJVOzSQvvYSYWXkFXC+IfLKSIffhv0sVZup6pA==",
      "dev": true
    }
  }
}
